
Microsoft Visual Studio Solution File, Format Version 12.00
# Visual Studio Version 17
VisualStudioVersion = 17.9.34622.214
MinimumVisualStudioVersion = 10.0.40219.1
Project("{FAE04EC0-301F-11D3-BF4B-00C04F79EFBC}") = "DATABASE_PROJECT", "DATABASE_PROJECT\DATABASE_PROJECT.csproj", "{2EC1BCF2-9E46-43C8-8E91-2348C84865E2}"
EndProject
Project("{FAE04EC0-301F-11D3-BF4B-00C04F79EFBC}") = "capaDATOS", "capaDATOS\capaDATOS.csproj", "{F24262B6-04C2-44D1-B20A-E0C29DF3D26E}"
EndProject
Project("{FAE04EC0-301F-11D3-BF4B-00C04F79EFBC}") = "capaMODELO", "capaMODELO\capaMODELO.csproj", "{DCA2533F-B42D-47C6-B93C-9C62057BCBBA}"
EndProject
Project("{FAE04EC0-301F-11D3-BF4B-00C04F79EFBC}") = "capaNEGOCIOS", "capaNEGOCIOS\capaNEGOCIOS.csproj", "{67CF65C3-BB98-4E25-801A-B1BE5D3D7ABF}"
EndProject
Global
	GlobalSection(SolutionConfigurationPlatforms) = preSolution
		Debug|Any CPU = Debug|Any CPU
		Release|Any CPU = Release|Any CPU
	EndGlobalSection
	GlobalSection(ProjectConfigurationPlatforms) = postSolution
		{2EC1BCF2-9E46-43C8-8E91-2348C84865E2}.Debug|Any CPU.ActiveCfg = Debug|Any CPU
		{2EC1BCF2-9E46-43C8-8E91-2348C84865E2}.Debug|Any CPU.Build.0 = Debug|Any CPU
		{2EC1BCF2-9E46-43C8-8E91-2348C84865E2}.Release|Any CPU.ActiveCfg = Release|Any CPU
		{2EC1BCF2-9E46-43C8-8E91-2348C84865E2}.Release|Any CPU.Build.0 = Release|Any CPU
		{F24262B6-04C2-44D1-B20A-E0C29DF3D26E}.Debug|Any CPU.ActiveCfg = Debug|Any CPU
		{F24262B6-04C2-44D1-B20A-E0C29DF3D26E}.Debug|Any CPU.Build.0 = Debug|Any CPU
		{F24262B6-04C2-44D1-B20A-E0C29DF3D26E}.Release|Any CPU.ActiveCfg = Release|Any CPU
		{F24262B6-04C2-44D1-B20A-E0C29DF3D26E}.Release|Any CPU.Build.0 = Release|Any CPU
		{DCA2533F-B42D-47C6-B93C-9C62057BCBBA}.Debug|Any CPU.ActiveCfg = Debug|Any CPU
		{DCA2533F-B42D-47C6-B93C-9C62057BCBBA}.Debug|Any CPU.Build.0 = Debug|Any CPU
		{DCA2533F-B42D-47C6-B93C-9C62057BCBBA}.Release|Any CPU.ActiveCfg = Release|Any CPU
		{DCA2533F-B42D-47C6-B93C-9C62057BCBBA}.Release|Any CPU.Build.0 = Release|Any CPU
		{67CF65C3-BB98-4E25-801A-B1BE5D3D7ABF}.Debug|Any CPU.ActiveCfg = Debug|Any CPU
		{67CF65C3-BB98-4E25-801A-B1BE5D3D7ABF}.Debug|Any CPU.Build.0 = Debug|Any CPU
		{67CF65C3-BB98-4E25-801A-B1BE5D3D7ABF}.Release|Any CPU.ActiveCfg = Release|Any CPU
		{67CF65C3-BB98-4E25-801A-B1BE5D3D7ABF}.Release|Any CPU.Build.0 = Release|Any CPU
	EndGlobalSection
	GlobalSection(SolutionProperties) = preSolution
		HideSolutionNode = FALSE
	EndGlobalSection
	GlobalSection(ExtensibilityGlobals) = postSolution
		SolutionGuid = {90E3B012-DBBD-4524-8AA8-52326F60BD57}
	EndGlobalSection
EndGlobal
